
Microsoft Visual Studio Solution File, Format Version 12.00
# Visual Studio Version 17
VisualStudioVersion = 17.5.33530.505
MinimumVisualStudioVersion = 10.0.40219.1
Project("{FAE04EC0-301F-11D3-BF4B-00C04F79EFBC}") = "DestroyableWalls", "DestroyableWalls\DestroyableWalls.csproj", "{DBC552EA-8828-4C44-88BC-4A56F5C36EC2}"
EndProject
Global
	GlobalSection(SolutionConfigurationPlatforms) = preSolution
		Debug|Any CPU = Debug|Any CPU
		Release|Any CPU = Release|Any CPU
	EndGlobalSection
	GlobalSection(ProjectConfigurationPlatforms) = postSolution
		{DBC552EA-8828-4C44-88BC-4A56F5C36EC2}.Debug|Any CPU.ActiveCfg = Debug|Any CPU
		{DBC552EA-8828-4C44-88BC-4A56F5C36EC2}.Debug|Any CPU.Build.0 = Debug|Any CPU
		{DBC552EA-8828-4C44-88BC-4A56F5C36EC2}.Release|Any CPU.ActiveCfg = Release|Any CPU
		{DBC552EA-8828-4C44-88BC-4A56F5C36EC2}.Release|Any CPU.Build.0 = Release|Any CPU
	EndGlobalSection
	GlobalSection(SolutionProperties) = preSolution
		HideSolutionNode = FALSE
	EndGlobalSection
	GlobalSection(ExtensibilityGlobals) = postSolution
		SolutionGuid = {8DC26B23-1EDE-4D3C-A3A7-D4AECC1E30F6}
	EndGlobalSection
EndGlobal
